
Microsoft Visual Studio Solution File, Format Version 12.00
# Visual Studio Version 17
VisualStudioVersion = 17.4.33122.133
MinimumVisualStudioVersion = 10.0.40219.1
Project("{9A19103F-16F7-4668-BE54-9A1E7A4F7556}") = "BookShopingSite", "BookShopingSite\BookShopingSite.csproj", "{6BBE3C8D-DB5B-45D1-B8A9-EED05A7A0966}"
EndProject
Project("{FAE04EC0-301F-11D3-BF4B-00C04F79EFBC}") = "EntityLayer", "EntityLayer\EntityLayer.csproj", "{EBD217D0-8716-4943-B729-5D52F766B72D}"
EndProject
Project("{FAE04EC0-301F-11D3-BF4B-00C04F79EFBC}") = "DataAccessLayer", "DataAccessLayer\DataAccessLayer.csproj", "{DE23A920-CFE4-45A7-A173-A026251A2BCE}"
EndProject
Project("{FAE04EC0-301F-11D3-BF4B-00C04F79EFBC}") = "BusinessLayer", "BusinessLayer\BusinessLayer.csproj", "{C204508C-55FC-4BBA-AD62-B793D2F6B551}"
EndProject
Global
	GlobalSection(SolutionConfigurationPlatforms) = preSolution
		Debug|Any CPU = Debug|Any CPU
		Release|Any CPU = Release|Any CPU
	EndGlobalSection
	GlobalSection(ProjectConfigurationPlatforms) = postSolution
		{6BBE3C8D-DB5B-45D1-B8A9-EED05A7A0966}.Debug|Any CPU.ActiveCfg = Debug|Any CPU
		{6BBE3C8D-DB5B-45D1-B8A9-EED05A7A0966}.Debug|Any CPU.Build.0 = Debug|Any CPU
		{6BBE3C8D-DB5B-45D1-B8A9-EED05A7A0966}.Release|Any CPU.ActiveCfg = Release|Any CPU
		{6BBE3C8D-DB5B-45D1-B8A9-EED05A7A0966}.Release|Any CPU.Build.0 = Release|Any CPU
		{EBD217D0-8716-4943-B729-5D52F766B72D}.Debug|Any CPU.ActiveCfg = Debug|Any CPU
		{EBD217D0-8716-4943-B729-5D52F766B72D}.Debug|Any CPU.Build.0 = Debug|Any CPU
		{EBD217D0-8716-4943-B729-5D52F766B72D}.Release|Any CPU.ActiveCfg = Release|Any CPU
		{EBD217D0-8716-4943-B729-5D52F766B72D}.Release|Any CPU.Build.0 = Release|Any CPU
		{DE23A920-CFE4-45A7-A173-A026251A2BCE}.Debug|Any CPU.ActiveCfg = Debug|Any CPU
		{DE23A920-CFE4-45A7-A173-A026251A2BCE}.Debug|Any CPU.Build.0 = Debug|Any CPU
		{DE23A920-CFE4-45A7-A173-A026251A2BCE}.Release|Any CPU.ActiveCfg = Release|Any CPU
		{DE23A920-CFE4-45A7-A173-A026251A2BCE}.Release|Any CPU.Build.0 = Release|Any CPU
		{C204508C-55FC-4BBA-AD62-B793D2F6B551}.Debug|Any CPU.ActiveCfg = Debug|Any CPU
		{C204508C-55FC-4BBA-AD62-B793D2F6B551}.Debug|Any CPU.Build.0 = Debug|Any CPU
		{C204508C-55FC-4BBA-AD62-B793D2F6B551}.Release|Any CPU.ActiveCfg = Release|Any CPU
		{C204508C-55FC-4BBA-AD62-B793D2F6B551}.Release|Any CPU.Build.0 = Release|Any CPU
	EndGlobalSection
	GlobalSection(SolutionProperties) = preSolution
		HideSolutionNode = FALSE
	EndGlobalSection
	GlobalSection(ExtensibilityGlobals) = postSolution
		SolutionGuid = {D00A2731-C118-4787-AE62-1B4A3CB34F20}
	EndGlobalSection
EndGlobal
