
Microsoft Visual Studio Solution File, Format Version 12.00
# Visual Studio Version 17
VisualStudioVersion = 17.4.33122.133
MinimumVisualStudioVersion = 10.0.40219.1
Project("{FAE04EC0-301F-11D3-BF4B-00C04F79EFBC}") = "EntityLayer", "EntityLayer\EntityLayer.csproj", "{7F2997E4-FD74-4B23-A9FD-A9E4FD99572F}"
EndProject
Project("{FAE04EC0-301F-11D3-BF4B-00C04F79EFBC}") = "DataAccessLayer", "DataAccessLayer\DataAccessLayer.csproj", "{043E3B2F-5F01-4C82-92E4-50CB93E122FB}"
EndProject
Project("{FAE04EC0-301F-11D3-BF4B-00C04F79EFBC}") = "BusinessLayer", "BusinessLayer\BusinessLayer.csproj", "{43CC2253-3488-4E7A-AA55-59E5E2913323}"
EndProject
Project("{FAE04EC0-301F-11D3-BF4B-00C04F79EFBC}") = "BookShopingSite", "BookShopingSite\BookShopingSite.csproj", "{9F5F24EF-2D1A-4065-9496-218CB72BAFC2}"
EndProject
Global
	GlobalSection(SolutionConfigurationPlatforms) = preSolution
		Debug|Any CPU = Debug|Any CPU
		Release|Any CPU = Release|Any CPU
	EndGlobalSection
	GlobalSection(ProjectConfigurationPlatforms) = postSolution
		{7F2997E4-FD74-4B23-A9FD-A9E4FD99572F}.Debug|Any CPU.ActiveCfg = Debug|Any CPU
		{7F2997E4-FD74-4B23-A9FD-A9E4FD99572F}.Debug|Any CPU.Build.0 = Debug|Any CPU
		{7F2997E4-FD74-4B23-A9FD-A9E4FD99572F}.Release|Any CPU.ActiveCfg = Release|Any CPU
		{7F2997E4-FD74-4B23-A9FD-A9E4FD99572F}.Release|Any CPU.Build.0 = Release|Any CPU
		{043E3B2F-5F01-4C82-92E4-50CB93E122FB}.Debug|Any CPU.ActiveCfg = Debug|Any CPU
		{043E3B2F-5F01-4C82-92E4-50CB93E122FB}.Debug|Any CPU.Build.0 = Debug|Any CPU
		{043E3B2F-5F01-4C82-92E4-50CB93E122FB}.Release|Any CPU.ActiveCfg = Release|Any CPU
		{043E3B2F-5F01-4C82-92E4-50CB93E122FB}.Release|Any CPU.Build.0 = Release|Any CPU
		{43CC2253-3488-4E7A-AA55-59E5E2913323}.Debug|Any CPU.ActiveCfg = Debug|Any CPU
		{43CC2253-3488-4E7A-AA55-59E5E2913323}.Debug|Any CPU.Build.0 = Debug|Any CPU
		{43CC2253-3488-4E7A-AA55-59E5E2913323}.Release|Any CPU.ActiveCfg = Release|Any CPU
		{43CC2253-3488-4E7A-AA55-59E5E2913323}.Release|Any CPU.Build.0 = Release|Any CPU
		{9F5F24EF-2D1A-4065-9496-218CB72BAFC2}.Debug|Any CPU.ActiveCfg = Debug|Any CPU
		{9F5F24EF-2D1A-4065-9496-218CB72BAFC2}.Debug|Any CPU.Build.0 = Debug|Any CPU
		{9F5F24EF-2D1A-4065-9496-218CB72BAFC2}.Release|Any CPU.ActiveCfg = Release|Any CPU
		{9F5F24EF-2D1A-4065-9496-218CB72BAFC2}.Release|Any CPU.Build.0 = Release|Any CPU
	EndGlobalSection
	GlobalSection(SolutionProperties) = preSolution
		HideSolutionNode = FALSE
	EndGlobalSection
	GlobalSection(ExtensibilityGlobals) = postSolution
		SolutionGuid = {55AD6160-83A3-4A01-BB61-A52E17BF86BD}
	EndGlobalSection
EndGlobal
